// !$*UTF8*$!
{
	archiveVersion = 1;
	classes = {
	};
	objectVersion = 46;
	objects = {

/* Begin PBXBuildFile section */
		EABFB27E1A8EE15500CF1D61 /* AppDelegate.swift in Sources */ = {isa = PBXBuildFile; fileRef = EABFB27D1A8EE15500CF1D61 /* AppDelegate.swift */; };
		EABFB2821A8EE15500CF1D61 /* GameScene.swift in Sources */ = {isa = PBXBuildFile; fileRef = EABFB2811A8EE15500CF1D61 /* GameScene.swift */; };
		EABFB2841A8EE15500CF1D61 /* GameViewController.swift in Sources */ = {isa = PBXBuildFile; fileRef = EABFB2831A8EE15500CF1D61 /* GameViewController.swift */; };
		EABFB2871A8EE15500CF1D61 /* Main.storyboard in Resources */ = {isa = PBXBuildFile; fileRef = EABFB2851A8EE15500CF1D61 /* Main.storyboard */; };
		EABFB2891A8EE15500CF1D61 /* Images.xcassets in Resources */ = {isa = PBXBuildFile; fileRef = EABFB2881A8EE15500CF1D61 /* Images.xcassets */; };
		EABFB28C1A8EE15500CF1D61 /* LaunchScreen.xib in Resources */ = {isa = PBXBuildFile; fileRef = EABFB28A1A8EE15500CF1D61 /* LaunchScreen.xib */; };
		EABFB2981A8EE15500CF1D61 /* NinjaGameTests.swift in Sources */ = {isa = PBXBuildFile; fileRef = EABFB2971A8EE15500CF1D61 /* NinjaGameTests.swift */; };
		EABFB2A61A8EE1C400CF1D61 /* background-music-aac.caf in Resources */ = {isa = PBXBuildFile; fileRef = EABFB2A31A8EE1C400CF1D61 /* background-music-aac.caf */; };
		EABFB2A71A8EE1C400CF1D61 /* pew-pew-lei.caf in Resources */ = {isa = PBXBuildFile; fileRef = EABFB2A41A8EE1C400CF1D61 /* pew-pew-lei.caf */; };
		EABFB2A81A8EE1C400CF1D61 /* sprites.atlas in Resources */ = {isa = PBXBuildFile; fileRef = EABFB2A51A8EE1C400CF1D61 /* sprites.atlas */; };
		EACD92531A904069001F3AC1 /* background.png in Resources */ = {isa = PBXBuildFile; fileRef = EACD92521A904069001F3AC1 /* background.png */; };
/* End PBXBuildFile section */

/* Begin PBXContainerItemProxy section */
		EABFB2921A8EE15500CF1D61 /* PBXContainerItemProxy */ = {
			isa = PBXContainerItemProxy;
			containerPortal = EABFB2701A8EE15500CF1D61 /* Project object */;
			proxyType = 1;
			remoteGlobalIDString = EABFB2771A8EE15500CF1D61;
			remoteInfo = NinjaGame;
		};
/* End PBXContainerItemProxy section */

/* Begin PBXFileReference section */
		EABFB2781A8EE15500CF1D61 /* NinjaGame.app */ = {isa = PBXFileReference; explicitFileType = wrapper.application; includeInIndex = 0; path = NinjaGame.app; sourceTree = BUILT_PRODUCTS_DIR; };
		EABFB27C1A8EE15500CF1D61 /* Info.plist */ = {isa = PBXFileReference; lastKnownFileType = text.plist.xml; path = Info.plist; sourceTree = "<group>"; };
		EABFB27D1A8EE15500CF1D61 /* AppDelegate.swift */ = {isa = PBXFileReference; lastKnownFileType = sourcecode.swift; path = AppDelegate.swift; sourceTree = "<group>"; };
		EABFB2811A8EE15500CF1D61 /* GameScene.swift */ = {isa = PBXFileReference; lastKnownFileType = sourcecode.swift; path = GameScene.swift; sourceTree = "<group>"; };
		EABFB2831A8EE15500CF1D61 /* GameViewController.swift */ = {isa = PBXFileReference; lastKnownFileType = sourcecode.swift; path = GameViewController.swift; sourceTree = "<group>"; };
		EABFB2861A8EE15500CF1D61 /* Base */ = {isa = PBXFileReference; lastKnownFileType = file.storyboard; name = Base; path = Base.lproj/Main.storyboard; sourceTree = "<group>"; };
		EABFB2881A8EE15500CF1D61 /* Images.xcassets */ = {isa = PBXFileReference; lastKnownFileType = folder.assetcatalog; path = Images.xcassets; sourceTree = "<group>"; };
		EABFB28B1A8EE15500CF1D61 /* Base */ = {isa = PBXFileReference; lastKnownFileType = file.xib; name = Base; path = Base.lproj/LaunchScreen.xib; sourceTree = "<group>"; };
		EABFB2911A8EE15500CF1D61 /* NinjaGameTests.xctest */ = {isa = PBXFileReference; explicitFileType = wrapper.cfbundle; includeInIndex = 0; path = NinjaGameTests.xctest; sourceTree = BUILT_PRODUCTS_DIR; };
		EABFB2961A8EE15500CF1D61 /* Info.plist */ = {isa = PBXFileReference; lastKnownFileType = text.plist.xml; path = Info.plist; sourceTree = "<group>"; };
		EABFB2971A8EE15500CF1D61 /* NinjaGameTests.swift */ = {isa = PBXFileReference; lastKnownFileType = sourcecode.swift; path = NinjaGameTests.swift; sourceTree = "<group>"; };
		EABFB2A31A8EE1C400CF1D61 /* background-music-aac.caf */ = {isa = PBXFileReference; lastKnownFileType = file; path = "background-music-aac.caf"; sourceTree = "<group>"; };
		EABFB2A41A8EE1C400CF1D61 /* pew-pew-lei.caf */ = {isa = PBXFileReference; lastKnownFileType = file; path = "pew-pew-lei.caf"; sourceTree = "<group>"; };
		EABFB2A51A8EE1C400CF1D61 /* sprites.atlas */ = {isa = PBXFileReference; lastKnownFileType = folder.skatlas; path = sprites.atlas; sourceTree = "<group>"; };
		EACD92521A904069001F3AC1 /* background.png */ = {isa = PBXFileReference; lastKnownFileType = image.png; path = background.png; sourceTree = "<group>"; };
/* End PBXFileReference section */

/* Begin PBXFrameworksBuildPhase section */
		EABFB2751A8EE15500CF1D61 /* Frameworks */ = {
			isa = PBXFrameworksBuildPhase;
			buildActionMask = 2147483647;
			files = (
			);
			runOnlyForDeploymentPostprocessing = 0;
		};
		EABFB28E1A8EE15500CF1D61 /* Frameworks */ = {
			isa = PBXFrameworksBuildPhase;
			buildActionMask = 2147483647;
			files = (
			);
			runOnlyForDeploymentPostprocessing = 0;
		};
/* End PBXFrameworksBuildPhase section */

/* Begin PBXGroup section */
		EABFB26F1A8EE15500CF1D61 = {
			isa = PBXGroup;
			children = (
				EABFB27A1A8EE15500CF1D61 /* NinjaGame */,
				EABFB2941A8EE15500CF1D61 /* NinjaGameTests */,
				EABFB2791A8EE15500CF1D61 /* Products */,
			);
			sourceTree = "<group>";
		};
		EABFB2791A8EE15500CF1D61 /* Products */ = {
			isa = PBXGroup;
			children = (
				EABFB2781A8EE15500CF1D61 /* NinjaGame.app */,
				EABFB2911A8EE15500CF1D61 /* NinjaGameTests.xctest */,
			);
			name = Products;
			sourceTree = "<group>";
		};
		EABFB27A1A8EE15500CF1D61 /* NinjaGame */ = {
			isa = PBXGroup;
			children = (
				EABFB27D1A8EE15500CF1D61 /* AppDelegate.swift */,
				EABFB2811A8EE15500CF1D61 /* GameScene.swift */,
				EABFB2831A8EE15500CF1D61 /* GameViewController.swift */,
				EABFB2851A8EE15500CF1D61 /* Main.storyboard */,
				EABFB2881A8EE15500CF1D61 /* Images.xcassets */,
				EABFB28A1A8EE15500CF1D61 /* LaunchScreen.xib */,
				EABFB2A11A8EE1C400CF1D61 /* NinjaGameResources */,
				EABFB27B1A8EE15500CF1D61 /* Supporting Files */,
			);
			path = NinjaGame;
			sourceTree = "<group>";
		};
		EABFB27B1A8EE15500CF1D61 /* Supporting Files */ = {
			isa = PBXGroup;
			children = (
				EABFB27C1A8EE15500CF1D61 /* Info.plist */,
			);
			name = "Supporting Files";
			sourceTree = "<group>";
		};
		EABFB2941A8EE15500CF1D61 /* NinjaGameTests */ = {
			isa = PBXGroup;
			children = (
				EABFB2971A8EE15500CF1D61 /* NinjaGameTests.swift */,
				EABFB2951A8EE15500CF1D61 /* Supporting Files */,
			);
			path = NinjaGameTests;
			sourceTree = "<group>";
		};
		EABFB2951A8EE15500CF1D61 /* Supporting Files */ = {
			isa = PBXGroup;
			children = (
				EABFB2961A8EE15500CF1D61 /* Info.plist */,
			);
			name = "Supporting Files";
			sourceTree = "<group>";
		};
		EABFB2A11A8EE1C400CF1D61 /* NinjaGameResources */ = {
			isa = PBXGroup;
			children = (
				EACD92521A904069001F3AC1 /* background.png */,
				EABFB2A21A8EE1C400CF1D61 /* Sounds */,
				EABFB2A51A8EE1C400CF1D61 /* sprites.atlas */,
			);
			name = NinjaGameResources;
			path = SpriteKitSimpleGameResources;
			sourceTree = "<group>";
		};
		EABFB2A21A8EE1C400CF1D61 /* Sounds */ = {
			isa = PBXGroup;
			children = (
				EABFB2A31A8EE1C400CF1D61 /* background-music-aac.caf */,
				EABFB2A41A8EE1C400CF1D61 /* pew-pew-lei.caf */,
			);
			path = Sounds;
			sourceTree = "<group>";
		};
/* End PBXGroup section */

/* Begin PBXNativeTarget section */
		EABFB2771A8EE15500CF1D61 /* NinjaGame */ = {
			isa = PBXNativeTarget;
			buildConfigurationList = EABFB29B1A8EE15500CF1D61 /* Build configuration list for PBXNativeTarget "NinjaGame" */;
			buildPhases = (
				EABFB2741A8EE15500CF1D61 /* Sources */,
				EABFB2751A8EE15500CF1D61 /* Frameworks */,
				EABFB2761A8EE15500CF1D61 /* Resources */,
			);
			buildRules = (
			);
			dependencies = (
			);
			name = NinjaGame;
			productName = NinjaGame;
			productReference = EABFB2781A8EE15500CF1D61 /* NinjaGame.app */;
			productType = "com.apple.product-type.application";
		};
		EABFB2901A8EE15500CF1D61 /* NinjaGameTests */ = {
			isa = PBXNativeTarget;
			buildConfigurationList = EABFB29E1A8EE15500CF1D61 /* Build configuration list for PBXNativeTarget "NinjaGameTests" */;
			buildPhases = (
				EABFB28D1A8EE15500CF1D61 /* Sources */,
				EABFB28E1A8EE15500CF1D61 /* Frameworks */,
				EABFB28F1A8EE15500CF1D61 /* Resources */,
			);
			buildRules = (
			);
			dependencies = (
				EABFB2931A8EE15500CF1D61 /* PBXTargetDependency */,
			);
			name = NinjaGameTests;
			productName = NinjaGameTests;
			productReference = EABFB2911A8EE15500CF1D61 /* NinjaGameTests.xctest */;
			productType = "com.apple.product-type.bundle.unit-test";
		};
/* End PBXNativeTarget section */

/* Begin PBXProject section */
		EABFB2701A8EE15500CF1D61 /* Project object */ = {
			isa = PBXProject;
			attributes = {
				LastUpgradeCheck = 0610;
				ORGANIZATIONNAME = "Jonathan Pae";
				TargetAttributes = {
					EABFB2771A8EE15500CF1D61 = {
						CreatedOnToolsVersion = 6.1.1;
						DevelopmentTeam = PY9957M84G;
					};
					EABFB2901A8EE15500CF1D61 = {
						CreatedOnToolsVersion = 6.1.1;
						TestTargetID = EABFB2771A8EE15500CF1D61;
					};
				};
			};
			buildConfigurationList = EABFB2731A8EE15500CF1D61 /* Build configuration list for PBXProject "NinjaGame" */;
			compatibilityVersion = "Xcode 3.2";
			developmentRegion = English;
			hasScannedForEncodings = 0;
			knownRegions = (
				en,
				Base,
			);
			mainGroup = EABFB26F1A8EE15500CF1D61;
			productRefGroup = EABFB2791A8EE15500CF1D61 /* Products */;
			projectDirPath = "";
			projectRoot = "";
			targets = (
				EABFB2771A8EE15500CF1D61 /* NinjaGame */,
				EABFB2901A8EE15500CF1D61 /* NinjaGameTests */,
			);
		};
/* End PBXProject section */

/* Begin PBXResourcesBuildPhase section */
		EABFB2761A8EE15500CF1D61 /* Resources */ = {
			isa = PBXResourcesBuildPhase;
			buildActionMask = 2147483647;
			files = (
				EABFB2A61A8EE1C400CF1D61 /* background-music-aac.caf in Resources */,
				EABFB28C1A8EE15500CF1D61 /* LaunchScreen.xib in Resources */,
				EACD92531A904069001F3AC1 /* background.png in Resources */,
				EABFB2891A8EE15500CF1D61 /* Images.xcassets in Resources */,
				EABFB2A71A8EE1C400CF1D61 /* pew-pew-lei.caf in Resources */,
				EABFB2A81A8EE1C400CF1D61 /* sprites.atlas in Resources */,
				EABFB2871A8EE15500CF1D61 /* Main.storyboard in Resources */,
			);
			runOnlyForDeploymentPostprocessing = 0;
		};
		EABFB28F1A8EE15500CF1D61 /* Resources */ = {
			isa = PBXResourcesBuildPhase;
			buildActionMask = 2147483647;
			files = (
			);
			runOnlyForDeploymentPostprocessing = 0;
		};
/* End PBXResourcesBuildPhase section */

/* Begin PBXSourcesBuildPhase section */
		EABFB2741A8EE15500CF1D61 /* Sources */ = {
			isa = PBXSourcesBuildPhase;
			buildActionMask = 2147483647;
			files = (
				EABFB2821A8EE15500CF1D61 /* GameScene.swift in Sources */,
				EABFB2841A8EE15500CF1D61 /* GameViewController.swift in Sources */,
				EABFB27E1A8EE15500CF1D61 /* AppDelegate.swift in Sources */,
			);
			runOnlyForDeploymentPostprocessing = 0;
		};
		EABFB28D1A8EE15500CF1D61 /* Sources */ = {
			isa = PBXSourcesBuildPhase;
			buildActionMask = 2147483647;
			files = (
				EABFB2981A8EE15500CF1D61 /* NinjaGameTests.swift in Sources */,
			);
			runOnlyForDeploymentPostprocessing = 0;
		};
/* End PBXSourcesBuildPhase section */

/* Begin PBXTargetDependency section */
		EABFB2931A8EE15500CF1D61 /* PBXTargetDependency */ = {
			isa = PBXTargetDependency;
			target = EABFB2771A8EE15500CF1D61 /* NinjaGame */;
			targetProxy = EABFB2921A8EE15500CF1D61 /* PBXContainerItemProxy */;
		};
/* End PBXTargetDependency section */

/* Begin PBXVariantGroup section */
		EABFB2851A8EE15500CF1D61 /* Main.storyboard */ = {
			isa = PBXVariantGroup;
			children = (
				EABFB2861A8EE15500CF1D61 /* Base */,
			);
			name = Main.storyboard;
			sourceTree = "<group>";
		};
		EABFB28A1A8EE15500CF1D61 /* LaunchScreen.xib */ = {
			isa = PBXVariantGroup;
			children = (
				EABFB28B1A8EE15500CF1D61 /* Base */,
			);
			name = LaunchScreen.xib;
			sourceTree = "<group>";
		};
/* End PBXVariantGroup section */

/* Begin XCBuildConfiguration section */
		EABFB2991A8EE15500CF1D61 /* Debug */ = {
			isa = XCBuildConfiguration;
			buildSettings = {
				ALWAYS_SEARCH_USER_PATHS = NO;
				CLANG_CXX_LANGUAGE_STANDARD = "gnu++0x";
				CLANG_CXX_LIBRARY = "libc++";
				CLANG_ENABLE_MODULES = YES;
				CLANG_ENABLE_OBJC_ARC = YES;
				CLANG_WARN_BOOL_CONVERSION = YES;
				CLANG_WARN_CONSTANT_CONVERSION = YES;
				CLANG_WARN_DIRECT_OBJC_ISA_USAGE = YES_ERROR;
				CLANG_WARN_EMPTY_BODY = YES;
				CLANG_WARN_ENUM_CONVERSION = YES;
				CLANG_WARN_INT_CONVERSION = YES;
				CLANG_WARN_OBJC_ROOT_CLASS = YES_ERROR;
				CLANG_WARN_UNREACHABLE_CODE = YES;
				CLANG_WARN__DUPLICATE_METHOD_MATCH = YES;
				"CODE_SIGN_IDENTITY[sdk=iphoneos*]" = "iPhone Developer";
				COPY_PHASE_STRIP = NO;
				ENABLE_STRICT_OBJC_MSGSEND = YES;
				GCC_C_LANGUAGE_STANDARD = gnu99;
				GCC_DYNAMIC_NO_PIC = NO;
				GCC_OPTIMIZATION_LEVEL = 0;
				GCC_PREPROCESSOR_DEFINITIONS = (
					"DEBUG=1",
					"$(inherited)",
				);
				GCC_SYMBOLS_PRIVATE_EXTERN = NO;
				GCC_WARN_64_TO_32_BIT_CONVERSION = YES;
				GCC_WARN_ABOUT_RETURN_TYPE = YES_ERROR;
				GCC_WARN_UNDECLARED_SELECTOR = YES;
				GCC_WARN_UNINITIALIZED_AUTOS = YES_AGGRESSIVE;
				GCC_WARN_UNUSED_FUNCTION = YES;
				GCC_WARN_UNUSED_VARIABLE = YES;
				IPHONEOS_DEPLOYMENT_TARGET = 8.1;
				MTL_ENABLE_DEBUG_INFO = YES;
				ONLY_ACTIVE_ARCH = YES;
				SDKROOT = iphoneos;
				SWIFT_OPTIMIZATION_LEVEL = "-Onone";
				TARGETED_DEVICE_FAMILY = "1,2";
			};
			name = Debug;
		};
		EABFB29A1A8EE15500CF1D61 /* Release */ = {
			isa = XCBuildConfiguration;
			buildSettings = {
				ALWAYS_SEARCH_USER_PATHS = NO;
				CLANG_CXX_LANGUAGE_STANDARD = "gnu++0x";
				CLANG_CXX_LIBRARY = "libc++";
				CLANG_ENABLE_MODULES = YES;
				CLANG_ENABLE_OBJC_ARC = YES;
				CLANG_WARN_BOOL_CONVERSION = YES;
				CLANG_WARN_CONSTANT_CONVERSION = YES;
				CLANG_WARN_DIRECT_OBJC_ISA_USAGE = YES_ERROR;
				CLANG_WARN_EMPTY_BODY = YES;
				CLANG_WARN_ENUM_CONVERSION = YES;
				CLANG_WARN_INT_CONVERSION = YES;
				CLANG_WARN_OBJC_ROOT_CLASS = YES_ERROR;
				CLANG_WARN_UNREACHABLE_CODE = YES;
				CLANG_WARN__DUPLICATE_METHOD_MATCH = YES;
				"CODE_SIGN_IDENTITY[sdk=iphoneos*]" = "iPhone Developer";
				COPY_PHASE_STRIP = YES;
				ENABLE_NS_ASSERTIONS = NO;
				ENABLE_STRICT_OBJC_MSGSEND = YES;
				GCC_C_LANGUAGE_STANDARD = gnu99;
				GCC_WARN_64_TO_32_BIT_CONVERSION = YES;
				GCC_WARN_ABOUT_RETURN_TYPE = YES_ERROR;
				GCC_WARN_UNDECLARED_SELECTOR = YES;
				GCC_WARN_UNINITIALIZED_AUTOS = YES_AGGRESSIVE;
				GCC_WARN_UNUSED_FUNCTION = YES;
				GCC_WARN_UNUSED_VARIABLE = YES;
				IPHONEOS_DEPLOYMENT_TARGET = 8.1;
				MTL_ENABLE_DEBUG_INFO = NO;
				SDKROOT = iphoneos;
				TARGETED_DEVICE_FAMILY = "1,2";
				VALIDATE_PRODUCT = YES;
			};
			name = Release;
		};
		EABFB29C1A8EE15500CF1D61 /* Debug */ = {
			isa = XCBuildConfiguration;
			buildSettings = {
				ASSETCATALOG_COMPILER_APPICON_NAME = AppIcon;
				CODE_SIGN_IDENTITY = "iPhone Developer";
				INFOPLIST_FILE = NinjaGame/Info.plist;
				LD_RUNPATH_SEARCH_PATHS = "$(inherited) @executable_path/Frameworks";
				PRODUCT_NAME = "$(TARGET_NAME)";
			};
			name = Debug;
		};
		EABFB29D1A8EE15500CF1D61 /* Release */ = {
			isa = XCBuildConfiguration;
			buildSettings = {
				ASSETCATALOG_COMPILER_APPICON_NAME = AppIcon;
				CODE_SIGN_IDENTITY = "iPhone Developer";
				INFOPLIST_FILE = NinjaGame/Info.plist;
				LD_RUNPATH_SEARCH_PATHS = "$(inherited) @executable_path/Frameworks";
				PRODUCT_NAME = "$(TARGET_NAME)";
			};
			name = Release;
		};
		EABFB29F1A8EE15500CF1D61 /* Debug */ = {
			isa = XCBuildConfiguration;
			buildSettings = {
				BUNDLE_LOADER = "$(TEST_HOST)";
				FRAMEWORK_SEARCH_PATHS = (
					"$(SDKROOT)/Developer/Library/Frameworks",
					"$(inherited)",
				);
				GCC_PREPROCESSOR_DEFINITIONS = (
					"DEBUG=1",
					"$(inherited)",
				);
				INFOPLIST_FILE = NinjaGameTests/Info.plist;
				LD_RUNPATH_SEARCH_PATHS = "$(inherited) @executable_path/Frameworks @loader_path/Frameworks";
				PRODUCT_NAME = "$(TARGET_NAME)";
				TEST_HOST = "$(BUILT_PRODUCTS_DIR)/NinjaGame.app/NinjaGame";
			};
			name = Debug;
		};
		EABFB2A01A8EE15500CF1D61 /* Release */ = {
			isa = XCBuildConfiguration;
			buildSettings = {
				BUNDLE_LOADER = "$(TEST_HOST)";
				FRAMEWORK_SEARCH_PATHS = (
					"$(SDKROOT)/Developer/Library/Frameworks",
					"$(inherited)",
				);
				INFOPLIST_FILE = NinjaGameTests/Info.plist;
				LD_RUNPATH_SEARCH_PATHS = "$(inherited) @executable_path/Frameworks @loader_path/Frameworks";
				PRODUCT_NAME = "$(TARGET_NAME)";
				TEST_HOST = "$(BUILT_PRODUCTS_DIR)/NinjaGame.app/NinjaGame";
			};
			name = Release;
		};
/* End XCBuildConfiguration section */

/* Begin XCConfigurationList section */
		EABFB2731A8EE15500CF1D61 /* Build configuration list for PBXProject "NinjaGame" */ = {
			isa = XCConfigurationList;
			buildConfigurations = (
				EABFB2991A8EE15500CF1D61 /* Debug */,
				EABFB29A1A8EE15500CF1D61 /* Release */,
			);
			defaultConfigurationIsVisible = 0;
			defaultConfigurationName = Release;
		};
		EABFB29B1A8EE15500CF1D61 /* Build configuration list for PBXNativeTarget "NinjaGame" */ = {
			isa = XCConfigurationList;
			buildConfigurations = (
				EABFB29C1A8EE15500CF1D61 /* Debug */,
				EABFB29D1A8EE15500CF1D61 /* Release */,
			);
			defaultConfigurationIsVisible = 0;
			defaultConfigurationName = Release;
		};
		EABFB29E1A8EE15500CF1D61 /* Build configuration list for PBXNativeTarget "NinjaGameTests" */ = {
			isa = XCConfigurationList;
			buildConfigurations = (
				EABFB29F1A8EE15500CF1D61 /* Debug */,
				EABFB2A01A8EE15500CF1D61 /* Release */,
			);
			defaultConfigurationIsVisible = 0;
			defaultConfigurationName = Release;
		};
/* End XCConfigurationList section */
	};
	rootObject = EABFB2701A8EE15500CF1D61 /* Project object */;
}
